
Microsoft Visual Studio Solution File, Format Version 12.00
# Visual Studio Version 17
VisualStudioVersion = 17.0.31903.59
MinimumVisualStudioVersion = 10.0.40219.1
Project("{9A19103F-16F7-4668-BE54-9A1E7A4F7556}") = "TrybeSDK", "libs\TrybeSDK\TrybeSDK.csproj", "{05ECB702-9E49-4AB2-AF9C-A06A0597917B}"
EndProject
Project("{2150E333-8FDC-42A3-9474-1A3956D46DE8}") = "build", "build", "{F3DB67FB-0AED-46C2-9F74-A9C197443E68}"
	ProjectSection(SolutionItems) = preProject
		build\.editorconfig = build\.editorconfig
		build\.gitignore = build\.gitignore
		build\coverlet.runsettings = build\coverlet.runsettings
		build\Directory.Build.props = build\Directory.Build.props
		build\Directory.Build.targets = build\Directory.Build.targets
		build\Directory.Packages.props = build\Directory.Packages.props
		build\LICENSE = build\LICENSE
		build\NuGet.config = build\NuGet.config
		build\README.md = build\README.md
	EndProjectSection
EndProject
Project("{2150E333-8FDC-42A3-9474-1A3956D46DE8}") = "libs", "libs", "{3D0CADC5-4B71-455C-9CD0-BDB0B3A74B3F}"
EndProject
Project("{9A19103F-16F7-4668-BE54-9A1E7A4F7556}") = "Build.Abstractions", "build\apps\Build.Abstractions\Build.Abstractions.csproj", "{AADAD00E-7DE8-4EA9-A385-905E896149BA}"
EndProject
Project("{9A19103F-16F7-4668-BE54-9A1E7A4F7556}") = "Build", "build\apps\Build\Build.csproj", "{F45BA32C-F402-4300-BA56-E19F30EA6FB7}"
EndProject
Project("{2150E333-8FDC-42A3-9474-1A3956D46DE8}") = "repo", "repo", "{37FB9CCF-1627-4EE3-ADC7-61471DF96EAC}"
	ProjectSection(SolutionItems) = preProject
		.editorconfig = .editorconfig
		.gitignore = .gitignore
		build.cmd = build.cmd
		build.sh = build.sh
		Directory.Build.props = Directory.Build.props
		Directory.Build.targets = Directory.Build.targets
		Directory.Packages.props = Directory.Packages.props
		LICENSE = LICENSE
		NuGet.config = NuGet.config
		README.md = README.md
		RELEASE_NOTES.md = RELEASE_NOTES.md
	EndProjectSection
EndProject
Project("{2150E333-8FDC-42A3-9474-1A3956D46DE8}") = ".config", ".config", "{B55E88E9-F535-4649-A4E4-CE8495D4DDC6}"
	ProjectSection(SolutionItems) = preProject
		build\.config\dotnet-tools.json = build\.config\dotnet-tools.json
	EndProjectSection
EndProject
Project("{2150E333-8FDC-42A3-9474-1A3956D46DE8}") = ".github", ".github", "{71A838D8-527D-41D1-99B0-611404787F46}"
EndProject
Project("{2150E333-8FDC-42A3-9474-1A3956D46DE8}") = "workflows", "workflows", "{9E95ECB2-C721-4367-B515-25C735D6573B}"
	ProjectSection(SolutionItems) = preProject
		.github\workflows\main.yml = .github\workflows\main.yml
		.github\workflows\release.yml = .github\workflows\release.yml
	EndProjectSection
EndProject
Global
	GlobalSection(SolutionConfigurationPlatforms) = preSolution
		Debug|Any CPU = Debug|Any CPU
		Release|Any CPU = Release|Any CPU
	EndGlobalSection
	GlobalSection(ProjectConfigurationPlatforms) = postSolution
		{05ECB702-9E49-4AB2-AF9C-A06A0597917B}.Debug|Any CPU.ActiveCfg = Debug|Any CPU
		{05ECB702-9E49-4AB2-AF9C-A06A0597917B}.Debug|Any CPU.Build.0 = Debug|Any CPU
		{05ECB702-9E49-4AB2-AF9C-A06A0597917B}.Release|Any CPU.ActiveCfg = Release|Any CPU
		{05ECB702-9E49-4AB2-AF9C-A06A0597917B}.Release|Any CPU.Build.0 = Release|Any CPU
		{AADAD00E-7DE8-4EA9-A385-905E896149BA}.Debug|Any CPU.ActiveCfg = Debug|Any CPU
		{AADAD00E-7DE8-4EA9-A385-905E896149BA}.Debug|Any CPU.Build.0 = Debug|Any CPU
		{AADAD00E-7DE8-4EA9-A385-905E896149BA}.Release|Any CPU.ActiveCfg = Release|Any CPU
		{AADAD00E-7DE8-4EA9-A385-905E896149BA}.Release|Any CPU.Build.0 = Release|Any CPU
		{F45BA32C-F402-4300-BA56-E19F30EA6FB7}.Debug|Any CPU.ActiveCfg = Debug|Any CPU
		{F45BA32C-F402-4300-BA56-E19F30EA6FB7}.Debug|Any CPU.Build.0 = Debug|Any CPU
		{F45BA32C-F402-4300-BA56-E19F30EA6FB7}.Release|Any CPU.ActiveCfg = Release|Any CPU
		{F45BA32C-F402-4300-BA56-E19F30EA6FB7}.Release|Any CPU.Build.0 = Release|Any CPU
	EndGlobalSection
	GlobalSection(SolutionProperties) = preSolution
		HideSolutionNode = FALSE
	EndGlobalSection
	GlobalSection(NestedProjects) = preSolution
		{05ECB702-9E49-4AB2-AF9C-A06A0597917B} = {3D0CADC5-4B71-455C-9CD0-BDB0B3A74B3F}
		{AADAD00E-7DE8-4EA9-A385-905E896149BA} = {F3DB67FB-0AED-46C2-9F74-A9C197443E68}
		{F45BA32C-F402-4300-BA56-E19F30EA6FB7} = {F3DB67FB-0AED-46C2-9F74-A9C197443E68}
		{B55E88E9-F535-4649-A4E4-CE8495D4DDC6} = {F3DB67FB-0AED-46C2-9F74-A9C197443E68}
		{9E95ECB2-C721-4367-B515-25C735D6573B} = {71A838D8-527D-41D1-99B0-611404787F46}
	EndGlobalSection
	GlobalSection(ExtensibilityGlobals) = postSolution
		SolutionGuid = {26041282-B1C0-4262-AE2F-DA9CF2480C37}
	EndGlobalSection
EndGlobal
